// !$*UTF8*$!
{
	archiveVersion = 1;
	classes = {
	};
	objectVersion = 77;
	objects = {

/* Begin PBXContainerItemProxy section */
		263B455F2CFC10A2009B8A09 /* PBXContainerItemProxy */ = {
			isa = PBXContainerItemProxy;
			containerPortal = 263B45462CFC10A1009B8A09 /* Project object */;
			proxyType = 1;
			remoteGlobalIDString = 263B454D2CFC10A1009B8A09;
			remoteInfo = "RAPA-Host";
		};
		263B45692CFC10A2009B8A09 /* PBXContainerItemProxy */ = {
			isa = PBXContainerItemProxy;
			containerPortal = 263B45462CFC10A1009B8A09 /* Project object */;
			proxyType = 1;
			remoteGlobalIDString = 263B454D2CFC10A1009B8A09;
			remoteInfo = "RAPA-Host";
		};
/* End PBXContainerItemProxy section */

/* Begin PBXFileReference section */
		263B454E2CFC10A1009B8A09 /* RAPA-Host.app */ = {isa = PBXFileReference; explicitFileType = wrapper.application; includeInIndex = 0; path = "RAPA-Host.app"; sourceTree = BUILT_PRODUCTS_DIR; };
		263B455E2CFC10A2009B8A09 /* RAPA-HostTests.xctest */ = {isa = PBXFileReference; explicitFileType = wrapper.cfbundle; includeInIndex = 0; path = "RAPA-HostTests.xctest"; sourceTree = BUILT_PRODUCTS_DIR; };
		263B45682CFC10A2009B8A09 /* RAPA-HostUITests.xctest */ = {isa = PBXFileReference; explicitFileType = wrapper.cfbundle; includeInIndex = 0; path = "RAPA-HostUITests.xctest"; sourceTree = BUILT_PRODUCTS_DIR; };
/* End PBXFileReference section */

/* Begin PBXFileSystemSynchronizedRootGroup section */
		263B45502CFC10A1009B8A09 /* RAPA-Host */ = {
			isa = PBXFileSystemSynchronizedRootGroup;
			path = "RAPA-Host";
			sourceTree = "<group>";
		};
		263B45612CFC10A2009B8A09 /* RAPA-HostTests */ = {
			isa = PBXFileSystemSynchronizedRootGroup;
			path = "RAPA-HostTests";
			sourceTree = "<group>";
		};
		263B456B2CFC10A2009B8A09 /* RAPA-HostUITests */ = {
			isa = PBXFileSystemSynchronizedRootGroup;
			path = "RAPA-HostUITests";
			sourceTree = "<group>";
		};
/* End PBXFileSystemSynchronizedRootGroup section */

/* Begin PBXFrameworksBuildPhase section */
		263B454B2CFC10A1009B8A09 /* Frameworks */ = {
			isa = PBXFrameworksBuildPhase;
			buildActionMask = 2147483647;
			files = (
			);
			runOnlyForDeploymentPostprocessing = 0;
		};
		263B455B2CFC10A2009B8A09 /* Frameworks */ = {
			isa = PBXFrameworksBuildPhase;
			buildActionMask = 2147483647;
			files = (
			);
			runOnlyForDeploymentPostprocessing = 0;
		};
		263B45652CFC10A2009B8A09 /* Frameworks */ = {
			isa = PBXFrameworksBuildPhase;
			buildActionMask = 2147483647;
			files = (
			);
			runOnlyForDeploymentPostprocessing = 0;
		};
/* End PBXFrameworksBuildPhase section */

/* Begin PBXGroup section */
		263B45452CFC10A1009B8A09 = {
			isa = PBXGroup;
			children = (
				263B45502CFC10A1009B8A09 /* RAPA-Host */,
				263B45612CFC10A2009B8A09 /* RAPA-HostTests */,
				263B456B2CFC10A2009B8A09 /* RAPA-HostUITests */,
				263B454F2CFC10A1009B8A09 /* Products */,
			);
			sourceTree = "<group>";
		};
		263B454F2CFC10A1009B8A09 /* Products */ = {
			isa = PBXGroup;
			children = (
				263B454E2CFC10A1009B8A09 /* RAPA-Host.app */,
				263B455E2CFC10A2009B8A09 /* RAPA-HostTests.xctest */,
				263B45682CFC10A2009B8A09 /* RAPA-HostUITests.xctest */,
			);
			name = Products;
			sourceTree = "<group>";
		};
/* End PBXGroup section */

/* Begin PBXNativeTarget section */
		263B454D2CFC10A1009B8A09 /* RAPA-Host */ = {
			isa = PBXNativeTarget;
			buildConfigurationList = 263B45722CFC10A2009B8A09 /* Build configuration list for PBXNativeTarget "RAPA-Host" */;
			buildPhases = (
				263B454A2CFC10A1009B8A09 /* Sources */,
				263B454B2CFC10A1009B8A09 /* Frameworks */,
				263B454C2CFC10A1009B8A09 /* Resources */,
			);
			buildRules = (
			);
			dependencies = (
			);
			fileSystemSynchronizedGroups = (
				263B45502CFC10A1009B8A09 /* RAPA-Host */,
			);
			name = "RAPA-Host";
			packageProductDependencies = (
			);
			productName = "RAPA-Host";
			productReference = 263B454E2CFC10A1009B8A09 /* RAPA-Host.app */;
			productType = "com.apple.product-type.application";
		};
		263B455D2CFC10A2009B8A09 /* RAPA-HostTests */ = {
			isa = PBXNativeTarget;
			buildConfigurationList = 263B45752CFC10A2009B8A09 /* Build configuration list for PBXNativeTarget "RAPA-HostTests" */;
			buildPhases = (
				263B455A2CFC10A2009B8A09 /* Sources */,
				263B455B2CFC10A2009B8A09 /* Frameworks */,
				263B455C2CFC10A2009B8A09 /* Resources */,
			);
			buildRules = (
			);
			dependencies = (
				263B45602CFC10A2009B8A09 /* PBXTargetDependency */,
			);
			fileSystemSynchronizedGroups = (
				263B45612CFC10A2009B8A09 /* RAPA-HostTests */,
			);
			name = "RAPA-HostTests";
			packageProductDependencies = (
			);
			productName = "RAPA-HostTests";
			productReference = 263B455E2CFC10A2009B8A09 /* RAPA-HostTests.xctest */;
			productType = "com.apple.product-type.bundle.unit-test";
		};
		263B45672CFC10A2009B8A09 /* RAPA-HostUITests */ = {
			isa = PBXNativeTarget;
			buildConfigurationList = 263B45782CFC10A2009B8A09 /* Build configuration list for PBXNativeTarget "RAPA-HostUITests" */;
			buildPhases = (
				263B45642CFC10A2009B8A09 /* Sources */,
				263B45652CFC10A2009B8A09 /* Frameworks */,
				263B45662CFC10A2009B8A09 /* Resources */,
			);
			buildRules = (
			);
			dependencies = (
				263B456A2CFC10A2009B8A09 /* PBXTargetDependency */,
			);
			fileSystemSynchronizedGroups = (
				263B456B2CFC10A2009B8A09 /* RAPA-HostUITests */,
			);
			name = "RAPA-HostUITests";
			packageProductDependencies = (
			);
			productName = "RAPA-HostUITests";
			productReference = 263B45682CFC10A2009B8A09 /* RAPA-HostUITests.xctest */;
			productType = "com.apple.product-type.bundle.ui-testing";
		};
/* End PBXNativeTarget section */

/* Begin PBXProject section */
		263B45462CFC10A1009B8A09 /* Project object */ = {
			isa = PBXProject;
			attributes = {
				BuildIndependentTargetsInParallel = 1;
				LastSwiftUpdateCheck = 1600;
				LastUpgradeCheck = 1600;
				TargetAttributes = {
					263B454D2CFC10A1009B8A09 = {
						CreatedOnToolsVersion = 16.0;
					};
					263B455D2CFC10A2009B8A09 = {
						CreatedOnToolsVersion = 16.0;
						TestTargetID = 263B454D2CFC10A1009B8A09;
					};
					263B45672CFC10A2009B8A09 = {
						CreatedOnToolsVersion = 16.0;
						TestTargetID = 263B454D2CFC10A1009B8A09;
					};
				};
			};
			buildConfigurationList = 263B45492CFC10A1009B8A09 /* Build configuration list for PBXProject "RAPA-Host" */;
			developmentRegion = en;
			hasScannedForEncodings = 0;
			knownRegions = (
				en,
				Base,
			);
			mainGroup = 263B45452CFC10A1009B8A09;
			minimizedProjectReferenceProxies = 1;
			preferredProjectObjectVersion = 77;
			productRefGroup = 263B454F2CFC10A1009B8A09 /* Products */;
			projectDirPath = "";
			projectRoot = "";
			targets = (
				263B454D2CFC10A1009B8A09 /* RAPA-Host */,
				263B455D2CFC10A2009B8A09 /* RAPA-HostTests */,
				263B45672CFC10A2009B8A09 /* RAPA-HostUITests */,
			);
		};
/* End PBXProject section */

/* Begin PBXResourcesBuildPhase section */
		263B454C2CFC10A1009B8A09 /* Resources */ = {
			isa = PBXResourcesBuildPhase;
			buildActionMask = 2147483647;
			files = (
			);
			runOnlyForDeploymentPostprocessing = 0;
		};
		263B455C2CFC10A2009B8A09 /* Resources */ = {
			isa = PBXResourcesBuildPhase;
			buildActionMask = 2147483647;
			files = (
			);
			runOnlyForDeploymentPostprocessing = 0;
		};
		263B45662CFC10A2009B8A09 /* Resources */ = {
			isa = PBXResourcesBuildPhase;
			buildActionMask = 2147483647;
			files = (
			);
			runOnlyForDeploymentPostprocessing = 0;
		};
/* End PBXResourcesBuildPhase section */

/* Begin PBXSourcesBuildPhase section */
		263B454A2CFC10A1009B8A09 /* Sources */ = {
			isa = PBXSourcesBuildPhase;
			buildActionMask = 2147483647;
			files = (
			);
			runOnlyForDeploymentPostprocessing = 0;
		};
		263B455A2CFC10A2009B8A09 /* Sources */ = {
			isa = PBXSourcesBuildPhase;
			buildActionMask = 2147483647;
			files = (
			);
			runOnlyForDeploymentPostprocessing = 0;
		};
		263B45642CFC10A2009B8A09 /* Sources */ = {
			isa = PBXSourcesBuildPhase;
			buildActionMask = 2147483647;
			files = (
			);
			runOnlyForDeploymentPostprocessing = 0;
		};
/* End PBXSourcesBuildPhase section */

/* Begin PBXTargetDependency section */
		263B45602CFC10A2009B8A09 /* PBXTargetDependency */ = {
			isa = PBXTargetDependency;
			target = 263B454D2CFC10A1009B8A09 /* RAPA-Host */;
			targetProxy = 263B455F2CFC10A2009B8A09 /* PBXContainerItemProxy */;
		};
		263B456A2CFC10A2009B8A09 /* PBXTargetDependency */ = {
			isa = PBXTargetDependency;
			target = 263B454D2CFC10A1009B8A09 /* RAPA-Host */;
			targetProxy = 263B45692CFC10A2009B8A09 /* PBXContainerItemProxy */;
		};
/* End PBXTargetDependency section */

/* Begin XCBuildConfiguration section */
		263B45702CFC10A2009B8A09 /* Debug */ = {
			isa = XCBuildConfiguration;
			buildSettings = {
				ALWAYS_SEARCH_USER_PATHS = NO;
				ASSETCATALOG_COMPILER_GENERATE_SWIFT_ASSET_SYMBOL_EXTENSIONS = YES;
				CLANG_ANALYZER_NONNULL = YES;
				CLANG_ANALYZER_NUMBER_OBJECT_CONVERSION = YES_AGGRESSIVE;
				CLANG_CXX_LANGUAGE_STANDARD = "gnu++20";
				CLANG_ENABLE_MODULES = YES;
				CLANG_ENABLE_OBJC_ARC = YES;
				CLANG_ENABLE_OBJC_WEAK = YES;
				CLANG_WARN_BLOCK_CAPTURE_AUTORELEASING = YES;
				CLANG_WARN_BOOL_CONVERSION = YES;
				CLANG_WARN_COMMA = YES;
				CLANG_WARN_CONSTANT_CONVERSION = YES;
				CLANG_WARN_DEPRECATED_OBJC_IMPLEMENTATIONS = YES;
				CLANG_WARN_DIRECT_OBJC_ISA_USAGE = YES_ERROR;
				CLANG_WARN_DOCUMENTATION_COMMENTS = YES;
				CLANG_WARN_EMPTY_BODY = YES;
				CLANG_WARN_ENUM_CONVERSION = YES;
				CLANG_WARN_INFINITE_RECURSION = YES;
				CLANG_WARN_INT_CONVERSION = YES;
				CLANG_WARN_NON_LITERAL_NULL_CONVERSION = YES;
				CLANG_WARN_OBJC_IMPLICIT_RETAIN_SELF = YES;
				CLANG_WARN_OBJC_LITERAL_CONVERSION = YES;
				CLANG_WARN_OBJC_ROOT_CLASS = YES_ERROR;
				CLANG_WARN_QUOTED_INCLUDE_IN_FRAMEWORK_HEADER = YES;
				CLANG_WARN_RANGE_LOOP_ANALYSIS = YES;
				CLANG_WARN_STRICT_PROTOTYPES = YES;
				CLANG_WARN_SUSPICIOUS_MOVE = YES;
				CLANG_WARN_UNGUARDED_AVAILABILITY = YES_AGGRESSIVE;
				CLANG_WARN_UNREACHABLE_CODE = YES;
				CLANG_WARN__DUPLICATE_METHOD_MATCH = YES;
				COPY_PHASE_STRIP = NO;
				DEBUG_INFORMATION_FORMAT = dwarf;
				ENABLE_STRICT_OBJC_MSGSEND = YES;
				ENABLE_TESTABILITY = YES;
				ENABLE_USER_SCRIPT_SANDBOXING = YES;
				GCC_C_LANGUAGE_STANDARD = gnu17;
				GCC_DYNAMIC_NO_PIC = NO;
				GCC_NO_COMMON_BLOCKS = YES;
				GCC_OPTIMIZATION_LEVEL = 0;
				GCC_PREPROCESSOR_DEFINITIONS = (
					"DEBUG=1",
					"$(inherited)",
				);
				GCC_WARN_64_TO_32_BIT_CONVERSION = YES;
				GCC_WARN_ABOUT_RETURN_TYPE = YES_ERROR;
				GCC_WARN_UNDECLARED_SELECTOR = YES;
				GCC_WARN_UNINITIALIZED_AUTOS = YES_AGGRESSIVE;
				GCC_WARN_UNUSED_FUNCTION = YES;
				GCC_WARN_UNUSED_VARIABLE = YES;
				IPHONEOS_DEPLOYMENT_TARGET = 18.0;
				LOCALIZATION_PREFERS_STRING_CATALOGS = YES;
				MTL_ENABLE_DEBUG_INFO = INCLUDE_SOURCE;
				MTL_FAST_MATH = YES;
				ONLY_ACTIVE_ARCH = YES;
				SDKROOT = iphoneos;
				SWIFT_ACTIVE_COMPILATION_CONDITIONS = "DEBUG $(inherited)";
				SWIFT_OPTIMIZATION_LEVEL = "-Onone";
			};
			name = Debug;
		};
		263B45712CFC10A2009B8A09 /* Release */ = {
			isa = XCBuildConfiguration;
			buildSettings = {
				ALWAYS_SEARCH_USER_PATHS = NO;
				ASSETCATALOG_COMPILER_GENERATE_SWIFT_ASSET_SYMBOL_EXTENSIONS = YES;
				CLANG_ANALYZER_NONNULL = YES;
				CLANG_ANALYZER_NUMBER_OBJECT_CONVERSION = YES_AGGRESSIVE;
				CLANG_CXX_LANGUAGE_STANDARD = "gnu++20";
				CLANG_ENABLE_MODULES = YES;
				CLANG_ENABLE_OBJC_ARC = YES;
				CLANG_ENABLE_OBJC_WEAK = YES;
				CLANG_WARN_BLOCK_CAPTURE_AUTORELEASING = YES;
				CLANG_WARN_BOOL_CONVERSION = YES;
				CLANG_WARN_COMMA = YES;
				CLANG_WARN_CONSTANT_CONVERSION = YES;
				CLANG_WARN_DEPRECATED_OBJC_IMPLEMENTATIONS = YES;
				CLANG_WARN_DIRECT_OBJC_ISA_USAGE = YES_ERROR;
				CLANG_WARN_DOCUMENTATION_COMMENTS = YES;
				CLANG_WARN_EMPTY_BODY = YES;
				CLANG_WARN_ENUM_CONVERSION = YES;
				CLANG_WARN_INFINITE_RECURSION = YES;
				CLANG_WARN_INT_CONVERSION = YES;
				CLANG_WARN_NON_LITERAL_NULL_CONVERSION = YES;
				CLANG_WARN_OBJC_IMPLICIT_RETAIN_SELF = YES;
				CLANG_WARN_OBJC_LITERAL_CONVERSION = YES;
				CLANG_WARN_OBJC_ROOT_CLASS = YES_ERROR;
				CLANG_WARN_QUOTED_INCLUDE_IN_FRAMEWORK_HEADER = YES;
				CLANG_WARN_RANGE_LOOP_ANALYSIS = YES;
				CLANG_WARN_STRICT_PROTOTYPES = YES;
				CLANG_WARN_SUSPICIOUS_MOVE = YES;
				CLANG_WARN_UNGUARDED_AVAILABILITY = YES_AGGRESSIVE;
				CLANG_WARN_UNREACHABLE_CODE = YES;
				CLANG_WARN__DUPLICATE_METHOD_MATCH = YES;
				COPY_PHASE_STRIP = NO;
				DEBUG_INFORMATION_FORMAT = "dwarf-with-dsym";
				ENABLE_NS_ASSERTIONS = NO;
				ENABLE_STRICT_OBJC_MSGSEND = YES;
				ENABLE_USER_SCRIPT_SANDBOXING = YES;
				GCC_C_LANGUAGE_STANDARD = gnu17;
				GCC_NO_COMMON_BLOCKS = YES;
				GCC_WARN_64_TO_32_BIT_CONVERSION = YES;
				GCC_WARN_ABOUT_RETURN_TYPE = YES_ERROR;
				GCC_WARN_UNDECLARED_SELECTOR = YES;
				GCC_WARN_UNINITIALIZED_AUTOS = YES_AGGRESSIVE;
				GCC_WARN_UNUSED_FUNCTION = YES;
				GCC_WARN_UNUSED_VARIABLE = YES;
				IPHONEOS_DEPLOYMENT_TARGET = 18.0;
				LOCALIZATION_PREFERS_STRING_CATALOGS = YES;
				MTL_ENABLE_DEBUG_INFO = NO;
				MTL_FAST_MATH = YES;
				SDKROOT = iphoneos;
				SWIFT_COMPILATION_MODE = wholemodule;
				VALIDATE_PRODUCT = YES;
			};
			name = Release;
		};
		263B45732CFC10A2009B8A09 /* Debug */ = {
			isa = XCBuildConfiguration;
			buildSettings = {
				ASSETCATALOG_COMPILER_APPICON_NAME = AppIcon;
				ASSETCATALOG_COMPILER_GLOBAL_ACCENT_COLOR_NAME = AccentColor;
				CODE_SIGN_STYLE = Automatic;
				CURRENT_PROJECT_VERSION = 1;
				DEVELOPMENT_ASSET_PATHS = "\"RAPA-Host/Preview Content\"";
				DEVELOPMENT_TEAM = HJXUFMTRVX;
				ENABLE_PREVIEWS = YES;
				GENERATE_INFOPLIST_FILE = YES;
				INFOPLIST_KEY_UIApplicationSceneManifest_Generation = YES;
				INFOPLIST_KEY_UIApplicationSupportsIndirectInputEvents = YES;
				INFOPLIST_KEY_UILaunchScreen_Generation = YES;
				INFOPLIST_KEY_UISupportedInterfaceOrientations_iPad = "UIInterfaceOrientationPortrait UIInterfaceOrientationPortraitUpsideDown UIInterfaceOrientationLandscapeLeft UIInterfaceOrientationLandscapeRight";
				INFOPLIST_KEY_UISupportedInterfaceOrientations_iPhone = "UIInterfaceOrientationPortrait UIInterfaceOrientationLandscapeLeft UIInterfaceOrientationLandscapeRight";
				LD_RUNPATH_SEARCH_PATHS = (
					"$(inherited)",
					"@executable_path/Frameworks",
				);
				MARKETING_VERSION = 1.0;
				PRODUCT_BUNDLE_IDENTIFIER = "pb.rapa.host-platform.RAPA-Host";
				PRODUCT_NAME = "$(TARGET_NAME)";
				SWIFT_EMIT_LOC_STRINGS = YES;
				SWIFT_VERSION = 5.0;
				TARGETED_DEVICE_FAMILY = "1,2";
			};
			name = Debug;
		};
		263B45742CFC10A2009B8A09 /* Release */ = {
			isa = XCBuildConfiguration;
			buildSettings = {
				ASSETCATALOG_COMPILER_APPICON_NAME = AppIcon;
				ASSETCATALOG_COMPILER_GLOBAL_ACCENT_COLOR_NAME = AccentColor;
				CODE_SIGN_STYLE = Automatic;
				CURRENT_PROJECT_VERSION = 1;
				DEVELOPMENT_ASSET_PATHS = "\"RAPA-Host/Preview Content\"";
				DEVELOPMENT_TEAM = HJXUFMTRVX;
				ENABLE_PREVIEWS = YES;
				GENERATE_INFOPLIST_FILE = YES;
				INFOPLIST_KEY_UIApplicationSceneManifest_Generation = YES;
				INFOPLIST_KEY_UIApplicationSupportsIndirectInputEvents = YES;
				INFOPLIST_KEY_UILaunchScreen_Generation = YES;
				INFOPLIST_KEY_UISupportedInterfaceOrientations_iPad = "UIInterfaceOrientationPortrait UIInterfaceOrientationPortraitUpsideDown UIInterfaceOrientationLandscapeLeft UIInterfaceOrientationLandscapeRight";
				INFOPLIST_KEY_UISupportedInterfaceOrientations_iPhone = "UIInterfaceOrientationPortrait UIInterfaceOrientationLandscapeLeft UIInterfaceOrientationLandscapeRight";
				LD_RUNPATH_SEARCH_PATHS = (
					"$(inherited)",
					"@executable_path/Frameworks",
				);
				MARKETING_VERSION = 1.0;
				PRODUCT_BUNDLE_IDENTIFIER = "pb.rapa.host-platform.RAPA-Host";
				PRODUCT_NAME = "$(TARGET_NAME)";
				SWIFT_EMIT_LOC_STRINGS = YES;
				SWIFT_VERSION = 5.0;
				TARGETED_DEVICE_FAMILY = "1,2";
			};
			name = Release;
		};
		263B45762CFC10A2009B8A09 /* Debug */ = {
			isa = XCBuildConfiguration;
			buildSettings = {
				BUNDLE_LOADER = "$(TEST_HOST)";
				CODE_SIGN_STYLE = Automatic;
				CURRENT_PROJECT_VERSION = 1;
				DEVELOPMENT_TEAM = HJXUFMTRVX;
				GENERATE_INFOPLIST_FILE = YES;
				IPHONEOS_DEPLOYMENT_TARGET = 18.0;
				MARKETING_VERSION = 1.0;
				PRODUCT_BUNDLE_IDENTIFIER = "pb.rapa.host-platform.RAPA-HostTests";
				PRODUCT_NAME = "$(TARGET_NAME)";
				SWIFT_EMIT_LOC_STRINGS = NO;
				SWIFT_VERSION = 5.0;
				TARGETED_DEVICE_FAMILY = "1,2";
				TEST_HOST = "$(BUILT_PRODUCTS_DIR)/RAPA-Host.app/$(BUNDLE_EXECUTABLE_FOLDER_PATH)/RAPA-Host";
			};
			name = Debug;
		};
		263B45772CFC10A2009B8A09 /* Release */ = {
			isa = XCBuildConfiguration;
			buildSettings = {
				BUNDLE_LOADER = "$(TEST_HOST)";
				CODE_SIGN_STYLE = Automatic;
				CURRENT_PROJECT_VERSION = 1;
				DEVELOPMENT_TEAM = HJXUFMTRVX;
				GENERATE_INFOPLIST_FILE = YES;
				IPHONEOS_DEPLOYMENT_TARGET = 18.0;
				MARKETING_VERSION = 1.0;
				PRODUCT_BUNDLE_IDENTIFIER = "pb.rapa.host-platform.RAPA-HostTests";
				PRODUCT_NAME = "$(TARGET_NAME)";
				SWIFT_EMIT_LOC_STRINGS = NO;
				SWIFT_VERSION = 5.0;
				TARGETED_DEVICE_FAMILY = "1,2";
				TEST_HOST = "$(BUILT_PRODUCTS_DIR)/RAPA-Host.app/$(BUNDLE_EXECUTABLE_FOLDER_PATH)/RAPA-Host";
			};
			name = Release;
		};
		263B45792CFC10A2009B8A09 /* Debug */ = {
			isa = XCBuildConfiguration;
			buildSettings = {
				CODE_SIGN_STYLE = Automatic;
				CURRENT_PROJECT_VERSION = 1;
				DEVELOPMENT_TEAM = HJXUFMTRVX;
				GENERATE_INFOPLIST_FILE = YES;
				MARKETING_VERSION = 1.0;
				PRODUCT_BUNDLE_IDENTIFIER = "pb.rapa.host-platform.RAPA-HostUITests";
				PRODUCT_NAME = "$(TARGET_NAME)";
				SWIFT_EMIT_LOC_STRINGS = NO;
				SWIFT_VERSION = 5.0;
				TARGETED_DEVICE_FAMILY = "1,2";
				TEST_TARGET_NAME = "RAPA-Host";
			};
			name = Debug;
		};
		263B457A2CFC10A2009B8A09 /* Release */ = {
			isa = XCBuildConfiguration;
			buildSettings = {
				CODE_SIGN_STYLE = Automatic;
				CURRENT_PROJECT_VERSION = 1;
				DEVELOPMENT_TEAM = HJXUFMTRVX;
				GENERATE_INFOPLIST_FILE = YES;
				MARKETING_VERSION = 1.0;
				PRODUCT_BUNDLE_IDENTIFIER = "pb.rapa.host-platform.RAPA-HostUITests";
				PRODUCT_NAME = "$(TARGET_NAME)";
				SWIFT_EMIT_LOC_STRINGS = NO;
				SWIFT_VERSION = 5.0;
				TARGETED_DEVICE_FAMILY = "1,2";
				TEST_TARGET_NAME = "RAPA-Host";
			};
			name = Release;
		};
/* End XCBuildConfiguration section */

/* Begin XCConfigurationList section */
		263B45492CFC10A1009B8A09 /* Build configuration list for PBXProject "RAPA-Host" */ = {
			isa = XCConfigurationList;
			buildConfigurations = (
				263B45702CFC10A2009B8A09 /* Debug */,
				263B45712CFC10A2009B8A09 /* Release */,
			);
			defaultConfigurationIsVisible = 0;
			defaultConfigurationName = Release;
		};
		263B45722CFC10A2009B8A09 /* Build configuration list for PBXNativeTarget "RAPA-Host" */ = {
			isa = XCConfigurationList;
			buildConfigurations = (
				263B45732CFC10A2009B8A09 /* Debug */,
				263B45742CFC10A2009B8A09 /* Release */,
			);
			defaultConfigurationIsVisible = 0;
			defaultConfigurationName = Release;
		};
		263B45752CFC10A2009B8A09 /* Build configuration list for PBXNativeTarget "RAPA-HostTests" */ = {
			isa = XCConfigurationList;
			buildConfigurations = (
				263B45762CFC10A2009B8A09 /* Debug */,
				263B45772CFC10A2009B8A09 /* Release */,
			);
			defaultConfigurationIsVisible = 0;
			defaultConfigurationName = Release;
		};
		263B45782CFC10A2009B8A09 /* Build configuration list for PBXNativeTarget "RAPA-HostUITests" */ = {
			isa = XCConfigurationList;
			buildConfigurations = (
				263B45792CFC10A2009B8A09 /* Debug */,
				263B457A2CFC10A2009B8A09 /* Release */,
			);
			defaultConfigurationIsVisible = 0;
			defaultConfigurationName = Release;
		};
/* End XCConfigurationList section */
	};
	rootObject = 263B45462CFC10A1009B8A09 /* Project object */;
}
